// !$*UTF8*$!
{
	archiveVersion = 1;
	classes = {
	};
	objectVersion = 50;
	objects = {

/* Begin PBXBuildFile section */
		9B26A7802360C4B700DBA468 /* FullTime.swift in Sources */ = {isa = PBXBuildFile; fileRef = 9B26A7732360C4B600DBA468 /* FullTime.swift */; };
		9B26A7812360C4B700DBA468 /* Car.swift in Sources */ = {isa = PBXBuildFile; fileRef = 9B26A7742360C4B600DBA468 /* Car.swift */; };
		9B26A7822360C4B700DBA468 /* IPrintable.swift in Sources */ = {isa = PBXBuildFile; fileRef = 9B26A7752360C4B600DBA468 /* IPrintable.swift */; };
		9B26A7832360C4B700DBA468 /* PartTime.swift in Sources */ = {isa = PBXBuildFile; fileRef = 9B26A7772360C4B600DBA468 /* PartTime.swift */; };
		9B26A7842360C4B700DBA468 /* Vehicle.swift in Sources */ = {isa = PBXBuildFile; fileRef = 9B26A7782360C4B700DBA468 /* Vehicle.swift */; };
		9B26A7852360C4B700DBA468 /* extension+Double.swift in Sources */ = {isa = PBXBuildFile; fileRef = 9B26A7792360C4B700DBA468 /* extension+Double.swift */; };
		9B26A7862360C4B700DBA468 /* Intern.swift in Sources */ = {isa = PBXBuildFile; fileRef = 9B26A77A2360C4B700DBA468 /* Intern.swift */; };
		9B26A7872360C4B700DBA468 /* Employee.swift in Sources */ = {isa = PBXBuildFile; fileRef = 9B26A77B2360C4B700DBA468 /* Employee.swift */; };
		9B26A7882360C4B700DBA468 /* CommissionBasedPartTime.swift in Sources */ = {isa = PBXBuildFile; fileRef = 9B26A77C2360C4B700DBA468 /* CommissionBasedPartTime.swift */; };
		9B26A7892360C4B700DBA468 /* FixedBasedPartTime.swift in Sources */ = {isa = PBXBuildFile; fileRef = 9B26A77D2360C4B700DBA468 /* FixedBasedPartTime.swift */; };
		9B26A78A2360C4B700DBA468 /* Motorcycle.swift in Sources */ = {isa = PBXBuildFile; fileRef = 9B26A77E2360C4B700DBA468 /* Motorcycle.swift */; };
		9B26A78B2360C4B700DBA468 /* Extension+string.swift in Sources */ = {isa = PBXBuildFile; fileRef = 9B26A77F2360C4B700DBA468 /* Extension+string.swift */; };
		9B62C4352357CDA300B971FE /* main.swift in Sources */ = {isa = PBXBuildFile; fileRef = 9B62C4342357CDA300B971FE /* main.swift */; };
/* End PBXBuildFile section */

/* Begin PBXCopyFilesBuildPhase section */
		9B62C42F2357CDA300B971FE /* CopyFiles */ = {
			isa = PBXCopyFilesBuildPhase;
			buildActionMask = 2147483647;
			dstPath = /usr/share/man/man1/;
			dstSubfolderSpec = 0;
			files = (
			);
			runOnlyForDeploymentPostprocessing = 1;
		};
/* End PBXCopyFilesBuildPhase section */

/* Begin PBXFileReference section */
		9B26A7732360C4B600DBA468 /* FullTime.swift */ = {isa = PBXFileReference; fileEncoding = 4; lastKnownFileType = sourcecode.swift; path = FullTime.swift; sourceTree = "<group>"; };
		9B26A7742360C4B600DBA468 /* Car.swift */ = {isa = PBXFileReference; fileEncoding = 4; lastKnownFileType = sourcecode.swift; path = Car.swift; sourceTree = "<group>"; };
		9B26A7752360C4B600DBA468 /* IPrintable.swift */ = {isa = PBXFileReference; fileEncoding = 4; lastKnownFileType = sourcecode.swift; path = IPrintable.swift; sourceTree = "<group>"; };
		9B26A7762360C4B600DBA468 /* empData.json */ = {isa = PBXFileReference; fileEncoding = 4; lastKnownFileType = text.json; path = empData.json; sourceTree = "<group>"; };
		9B26A7772360C4B600DBA468 /* PartTime.swift */ = {isa = PBXFileReference; fileEncoding = 4; lastKnownFileType = sourcecode.swift; path = PartTime.swift; sourceTree = "<group>"; };
		9B26A7782360C4B700DBA468 /* Vehicle.swift */ = {isa = PBXFileReference; fileEncoding = 4; lastKnownFileType = sourcecode.swift; path = Vehicle.swift; sourceTree = "<group>"; };
		9B26A7792360C4B700DBA468 /* extension+Double.swift */ = {isa = PBXFileReference; fileEncoding = 4; lastKnownFileType = sourcecode.swift; path = "extension+Double.swift"; sourceTree = "<group>"; };
		9B26A77A2360C4B700DBA468 /* Intern.swift */ = {isa = PBXFileReference; fileEncoding = 4; lastKnownFileType = sourcecode.swift; path = Intern.swift; sourceTree = "<group>"; };
		9B26A77B2360C4B700DBA468 /* Employee.swift */ = {isa = PBXFileReference; fileEncoding = 4; lastKnownFileType = sourcecode.swift; path = Employee.swift; sourceTree = "<group>"; };
		9B26A77C2360C4B700DBA468 /* CommissionBasedPartTime.swift */ = {isa = PBXFileReference; fileEncoding = 4; lastKnownFileType = sourcecode.swift; path = CommissionBasedPartTime.swift; sourceTree = "<group>"; };
		9B26A77D2360C4B700DBA468 /* FixedBasedPartTime.swift */ = {isa = PBXFileReference; fileEncoding = 4; lastKnownFileType = sourcecode.swift; path = FixedBasedPartTime.swift; sourceTree = "<group>"; };
		9B26A77E2360C4B700DBA468 /* Motorcycle.swift */ = {isa = PBXFileReference; fileEncoding = 4; lastKnownFileType = sourcecode.swift; path = Motorcycle.swift; sourceTree = "<group>"; };
		9B26A77F2360C4B700DBA468 /* Extension+string.swift */ = {isa = PBXFileReference; fileEncoding = 4; lastKnownFileType = sourcecode.swift; path = "Extension+string.swift"; sourceTree = "<group>"; };
		9B62C4312357CDA300B971FE /* Payroll_System_Swift */ = {isa = PBXFileReference; explicitFileType = "compiled.mach-o.executable"; includeInIndex = 0; path = Payroll_System_Swift; sourceTree = BUILT_PRODUCTS_DIR; };
		9B62C4342357CDA300B971FE /* main.swift */ = {isa = PBXFileReference; lastKnownFileType = sourcecode.swift; path = main.swift; sourceTree = "<group>"; };
/* End PBXFileReference section */

/* Begin PBXFrameworksBuildPhase section */
		9B62C42E2357CDA300B971FE /* Frameworks */ = {
			isa = PBXFrameworksBuildPhase;
			buildActionMask = 2147483647;
			files = (
			);
			runOnlyForDeploymentPostprocessing = 0;
		};
/* End PBXFrameworksBuildPhase section */

/* Begin PBXGroup section */
		9B62C4282357CDA200B971FE = {
			isa = PBXGroup;
			children = (
				9B62C4332357CDA300B971FE /* Payroll_System_Swift */,
				9B62C4322357CDA300B971FE /* Products */,
			);
			sourceTree = "<group>";
		};
		9B62C4322357CDA300B971FE /* Products */ = {
			isa = PBXGroup;
			children = (
				9B62C4312357CDA300B971FE /* Payroll_System_Swift */,
			);
			name = Products;
			sourceTree = "<group>";
		};
		9B62C4332357CDA300B971FE /* Payroll_System_Swift */ = {
			isa = PBXGroup;
			children = (
				9B62C4342357CDA300B971FE /* main.swift */,
				9B26A7742360C4B600DBA468 /* Car.swift */,
				9B26A77C2360C4B700DBA468 /* CommissionBasedPartTime.swift */,
				9B26A7762360C4B600DBA468 /* empData.json */,
				9B26A77B2360C4B700DBA468 /* Employee.swift */,
				9B26A7792360C4B700DBA468 /* extension+Double.swift */,
				9B26A77F2360C4B700DBA468 /* Extension+string.swift */,
				9B26A77D2360C4B700DBA468 /* FixedBasedPartTime.swift */,
				9B26A7732360C4B600DBA468 /* FullTime.swift */,
				9B26A77A2360C4B700DBA468 /* Intern.swift */,
				9B26A7752360C4B600DBA468 /* IPrintable.swift */,
				9B26A77E2360C4B700DBA468 /* Motorcycle.swift */,
				9B26A7772360C4B600DBA468 /* PartTime.swift */,
				9B26A7782360C4B700DBA468 /* Vehicle.swift */,
			);
			path = Payroll_System_Swift;
			sourceTree = "<group>";
		};
/* End PBXGroup section */

/* Begin PBXNativeTarget section */
		9B62C4302357CDA300B971FE /* Payroll_System_Swift */ = {
			isa = PBXNativeTarget;
			buildConfigurationList = 9B62C4382357CDA300B971FE /* Build configuration list for PBXNativeTarget "Payroll_System_Swift" */;
			buildPhases = (
				9B62C42D2357CDA300B971FE /* Sources */,
				9B62C42E2357CDA300B971FE /* Frameworks */,
				9B62C42F2357CDA300B971FE /* CopyFiles */,
			);
			buildRules = (
			);
			dependencies = (
			);
			name = Payroll_System_Swift;
			productName = Payroll_System_Swift;
			productReference = 9B62C4312357CDA300B971FE /* Payroll_System_Swift */;
			productType = "com.apple.product-type.tool";
		};
/* End PBXNativeTarget section */

/* Begin PBXProject section */
		9B62C4292357CDA200B971FE /* Project object */ = {
			isa = PBXProject;
			attributes = {
				LastSwiftUpdateCheck = 1030;
				LastUpgradeCheck = 1030;
				TargetAttributes = {
					9B62C4302357CDA300B971FE = {
						CreatedOnToolsVersion = 10.3;
					};
				};
			};
			buildConfigurationList = 9B62C42C2357CDA200B971FE /* Build configuration list for PBXProject "Payroll_System_Swift" */;
			compatibilityVersion = "Xcode 9.3";
			developmentRegion = en;
			hasScannedForEncodings = 0;
			knownRegions = (
				en,
			);
			mainGroup = 9B62C4282357CDA200B971FE;
			productRefGroup = 9B62C4322357CDA300B971FE /* Products */;
			projectDirPath = "";
			projectRoot = "";
			targets = (
				9B62C4302357CDA300B971FE /* Payroll_System_Swift */,
			);
		};
/* End PBXProject section */

/* Begin PBXSourcesBuildPhase section */
		9B62C42D2357CDA300B971FE /* Sources */ = {
			isa = PBXSourcesBuildPhase;
			buildActionMask = 2147483647;
			files = (
				9B26A7842360C4B700DBA468 /* Vehicle.swift in Sources */,
				9B26A7872360C4B700DBA468 /* Employee.swift in Sources */,
				9B62C4352357CDA300B971FE /* main.swift in Sources */,
				9B26A7822360C4B700DBA468 /* IPrintable.swift in Sources */,
				9B26A78A2360C4B700DBA468 /* Motorcycle.swift in Sources */,
				9B26A78B2360C4B700DBA468 /* Extension+string.swift in Sources */,
				9B26A7802360C4B700DBA468 /* FullTime.swift in Sources */,
				9B26A7892360C4B700DBA468 /* FixedBasedPartTime.swift in Sources */,
				9B26A7852360C4B700DBA468 /* extension+Double.swift in Sources */,
				9B26A7882360C4B700DBA468 /* CommissionBasedPartTime.swift in Sources */,
				9B26A7832360C4B700DBA468 /* PartTime.swift in Sources */,
				9B26A7812360C4B700DBA468 /* Car.swift in Sources */,
				9B26A7862360C4B700DBA468 /* Intern.swift in Sources */,
			);
			runOnlyForDeploymentPostprocessing = 0;
		};
/* End PBXSourcesBuildPhase section */

/* Begin XCBuildConfiguration section */
		9B62C4362357CDA300B971FE /* Debug */ = {
			isa = XCBuildConfiguration;
			buildSettings = {
				ALWAYS_SEARCH_USER_PATHS = NO;
				CLANG_ANALYZER_NONNULL = YES;
				CLANG_ANALYZER_NUMBER_OBJECT_CONVERSION = YES_AGGRESSIVE;
				CLANG_CXX_LANGUAGE_STANDARD = "gnu++14";
				CLANG_CXX_LIBRARY = "libc++";
				CLANG_ENABLE_MODULES = YES;
				CLANG_ENABLE_OBJC_ARC = YES;
				CLANG_ENABLE_OBJC_WEAK = YES;
				CLANG_WARN_BLOCK_CAPTURE_AUTORELEASING = YES;
				CLANG_WARN_BOOL_CONVERSION = YES;
				CLANG_WARN_COMMA = YES;
				CLANG_WARN_CONSTANT_CONVERSION = YES;
				CLANG_WARN_DEPRECATED_OBJC_IMPLEMENTATIONS = YES;
				CLANG_WARN_DIRECT_OBJC_ISA_USAGE = YES_ERROR;
				CLANG_WARN_DOCUMENTATION_COMMENTS = YES;
				CLANG_WARN_EMPTY_BODY = YES;
				CLANG_WARN_ENUM_CONVERSION = YES;
				CLANG_WARN_INFINITE_RECURSION = YES;
				CLANG_WARN_INT_CONVERSION = YES;
				CLANG_WARN_NON_LITERAL_NULL_CONVERSION = YES;
				CLANG_WARN_OBJC_IMPLICIT_RETAIN_SELF = YES;
				CLANG_WARN_OBJC_LITERAL_CONVERSION = YES;
				CLANG_WARN_OBJC_ROOT_CLASS = YES_ERROR;
				CLANG_WARN_RANGE_LOOP_ANALYSIS = YES;
				CLANG_WARN_STRICT_PROTOTYPES = YES;
				CLANG_WARN_SUSPICIOUS_MOVE = YES;
				CLANG_WARN_UNGUARDED_AVAILABILITY = YES_AGGRESSIVE;
				CLANG_WARN_UNREACHABLE_CODE = YES;
				CLANG_WARN__DUPLICATE_METHOD_MATCH = YES;
				CODE_SIGN_IDENTITY = "-";
				COPY_PHASE_STRIP = NO;
				DEBUG_INFORMATION_FORMAT = dwarf;
				ENABLE_STRICT_OBJC_MSGSEND = YES;
				ENABLE_TESTABILITY = YES;
				GCC_C_LANGUAGE_STANDARD = gnu11;
				GCC_DYNAMIC_NO_PIC = NO;
				GCC_NO_COMMON_BLOCKS = YES;
				GCC_OPTIMIZATION_LEVEL = 0;
				GCC_PREPROCESSOR_DEFINITIONS = (
					"DEBUG=1",
					"$(inherited)",
				);
				GCC_WARN_64_TO_32_BIT_CONVERSION = YES;
				GCC_WARN_ABOUT_RETURN_TYPE = YES_ERROR;
				GCC_WARN_UNDECLARED_SELECTOR = YES;
				GCC_WARN_UNINITIALIZED_AUTOS = YES_AGGRESSIVE;
				GCC_WARN_UNUSED_FUNCTION = YES;
				GCC_WARN_UNUSED_VARIABLE = YES;
				MACOSX_DEPLOYMENT_TARGET = 10.14;
				MTL_ENABLE_DEBUG_INFO = INCLUDE_SOURCE;
				MTL_FAST_MATH = YES;
				ONLY_ACTIVE_ARCH = YES;
				SDKROOT = macosx;
				SWIFT_ACTIVE_COMPILATION_CONDITIONS = DEBUG;
				SWIFT_OPTIMIZATION_LEVEL = "-Onone";
			};
			name = Debug;
		};
		9B62C4372357CDA300B971FE /* Release */ = {
			isa = XCBuildConfiguration;
			buildSettings = {
				ALWAYS_SEARCH_USER_PATHS = NO;
				CLANG_ANALYZER_NONNULL = YES;
				CLANG_ANALYZER_NUMBER_OBJECT_CONVERSION = YES_AGGRESSIVE;
				CLANG_CXX_LANGUAGE_STANDARD = "gnu++14";
				CLANG_CXX_LIBRARY = "libc++";
				CLANG_ENABLE_MODULES = YES;
				CLANG_ENABLE_OBJC_ARC = YES;
				CLANG_ENABLE_OBJC_WEAK = YES;
				CLANG_WARN_BLOCK_CAPTURE_AUTORELEASING = YES;
				CLANG_WARN_BOOL_CONVERSION = YES;
				CLANG_WARN_COMMA = YES;
				CLANG_WARN_CONSTANT_CONVERSION = YES;
				CLANG_WARN_DEPRECATED_OBJC_IMPLEMENTATIONS = YES;
				CLANG_WARN_DIRECT_OBJC_ISA_USAGE = YES_ERROR;
				CLANG_WARN_DOCUMENTATION_COMMENTS = YES;
				CLANG_WARN_EMPTY_BODY = YES;
				CLANG_WARN_ENUM_CONVERSION = YES;
				CLANG_WARN_INFINITE_RECURSION = YES;
				CLANG_WARN_INT_CONVERSION = YES;
				CLANG_WARN_NON_LITERAL_NULL_CONVERSION = YES;
				CLANG_WARN_OBJC_IMPLICIT_RETAIN_SELF = YES;
				CLANG_WARN_OBJC_LITERAL_CONVERSION = YES;
				CLANG_WARN_OBJC_ROOT_CLASS = YES_ERROR;
				CLANG_WARN_RANGE_LOOP_ANALYSIS = YES;
				CLANG_WARN_STRICT_PROTOTYPES = YES;
				CLANG_WARN_SUSPICIOUS_MOVE = YES;
				CLANG_WARN_UNGUARDED_AVAILABILITY = YES_AGGRESSIVE;
				CLANG_WARN_UNREACHABLE_CODE = YES;
				CLANG_WARN__DUPLICATE_METHOD_MATCH = YES;
				CODE_SIGN_IDENTITY = "-";
				COPY_PHASE_STRIP = NO;
				DEBUG_INFORMATION_FORMAT = "dwarf-with-dsym";
				ENABLE_NS_ASSERTIONS = NO;
				ENABLE_STRICT_OBJC_MSGSEND = YES;
				GCC_C_LANGUAGE_STANDARD = gnu11;
				GCC_NO_COMMON_BLOCKS = YES;
				GCC_WARN_64_TO_32_BIT_CONVERSION = YES;
				GCC_WARN_ABOUT_RETURN_TYPE = YES_ERROR;
				GCC_WARN_UNDECLARED_SELECTOR = YES;
				GCC_WARN_UNINITIALIZED_AUTOS = YES_AGGRESSIVE;
				GCC_WARN_UNUSED_FUNCTION = YES;
				GCC_WARN_UNUSED_VARIABLE = YES;
				MACOSX_DEPLOYMENT_TARGET = 10.14;
				MTL_ENABLE_DEBUG_INFO = NO;
				MTL_FAST_MATH = YES;
				SDKROOT = macosx;
				SWIFT_COMPILATION_MODE = wholemodule;
				SWIFT_OPTIMIZATION_LEVEL = "-O";
			};
			name = Release;
		};
		9B62C4392357CDA300B971FE /* Debug */ = {
			isa = XCBuildConfiguration;
			buildSettings = {
				CODE_SIGN_STYLE = Automatic;
				PRODUCT_NAME = "$(TARGET_NAME)";
				SWIFT_VERSION = 5.0;
			};
			name = Debug;
		};
		9B62C43A2357CDA300B971FE /* Release */ = {
			isa = XCBuildConfiguration;
			buildSettings = {
				CODE_SIGN_STYLE = Automatic;
				PRODUCT_NAME = "$(TARGET_NAME)";
				SWIFT_VERSION = 5.0;
			};
			name = Release;
		};
/* End XCBuildConfiguration section */

/* Begin XCConfigurationList section */
		9B62C42C2357CDA200B971FE /* Build configuration list for PBXProject "Payroll_System_Swift" */ = {
			isa = XCConfigurationList;
			buildConfigurations = (
				9B62C4362357CDA300B971FE /* Debug */,
				9B62C4372357CDA300B971FE /* Release */,
			);
			defaultConfigurationIsVisible = 0;
			defaultConfigurationName = Release;
		};
		9B62C4382357CDA300B971FE /* Build configuration list for PBXNativeTarget "Payroll_System_Swift" */ = {
			isa = XCConfigurationList;
			buildConfigurations = (
				9B62C4392357CDA300B971FE /* Debug */,
				9B62C43A2357CDA300B971FE /* Release */,
			);
			defaultConfigurationIsVisible = 0;
			defaultConfigurationName = Release;
		};
/* End XCConfigurationList section */
	};
	rootObject = 9B62C4292357CDA200B971FE /* Project object */;
}
